// !$*UTF8*$!
{
	archiveVersion = 1;
	classes = {
	};
	objectVersion = 56;
	objects = {

/* Begin PBXBuildFile section */
		7E05342C2A66C86000C28837 /* BaseNavigationController.swift in Sources */ = {isa = PBXBuildFile; fileRef = 7E05342B2A66C86000C28837 /* BaseNavigationController.swift */; };
		7E05342F2A69525600C28837 /* SearchCommonCell.swift in Sources */ = {isa = PBXBuildFile; fileRef = 7E05342E2A69525600C28837 /* SearchCommonCell.swift */; };
		7E0534342A6965F100C28837 /* SearchResultViewController.swift in Sources */ = {isa = PBXBuildFile; fileRef = 7E0534332A6965F100C28837 /* SearchResultViewController.swift */; };
		7E0534392A69675300C28837 /* SearchResultViewModel.swift in Sources */ = {isa = PBXBuildFile; fileRef = 7E0534382A69675300C28837 /* SearchResultViewModel.swift */; };
		7E1D97AD2A59B6E400E91650 /* Lottie in Frameworks */ = {isa = PBXBuildFile; productRef = 7E1D97AC2A59B6E400E91650 /* Lottie */; };
		7E1D97AF2A5A5E3400E91650 /* PosterCell.swift in Sources */ = {isa = PBXBuildFile; fileRef = 7E1D97AE2A5A5E3400E91650 /* PosterCell.swift */; };
		7E1D97B12A5A7EE700E91650 /* AnalyzeFlow.swift in Sources */ = {isa = PBXBuildFile; fileRef = 7E1D97B02A5A7EE700E91650 /* AnalyzeFlow.swift */; };
		7E1D97B32A5A87F400E91650 /* RankCell.swift in Sources */ = {isa = PBXBuildFile; fileRef = 7E1D97B22A5A87F400E91650 /* RankCell.swift */; };
		7E1D97B52A5ACD4B00E91650 /* CategoryCell.swift in Sources */ = {isa = PBXBuildFile; fileRef = 7E1D97B42A5ACD4B00E91650 /* CategoryCell.swift */; };
		7E1D97B92A5AE62600E91650 /* NoticeViewModel.swift in Sources */ = {isa = PBXBuildFile; fileRef = 7E1D97B82A5AE62600E91650 /* NoticeViewModel.swift */; };
		7E1D97BB2A5AE65400E91650 /* NoticeViewController.swift in Sources */ = {isa = PBXBuildFile; fileRef = 7E1D97BA2A5AE65400E91650 /* NoticeViewController.swift */; };
		7E3C277E2A5C272A002E08A6 /* NoticeCell.swift in Sources */ = {isa = PBXBuildFile; fileRef = 7E3C277D2A5C272A002E08A6 /* NoticeCell.swift */; };
		7E3C27802A5C3312002E08A6 /* PageResult.swift in Sources */ = {isa = PBXBuildFile; fileRef = 7E3C277F2A5C3312002E08A6 /* PageResult.swift */; };
		7E3C27832A5C3C76002E08A6 /* spinner.json in Resources */ = {isa = PBXBuildFile; fileRef = 7E3C27822A5C3C76002E08A6 /* spinner.json */; };
		7E3C27862A5ECDBD002E08A6 /* RxDataSources in Frameworks */ = {isa = PBXBuildFile; productRef = 7E3C27852A5ECDBD002E08A6 /* RxDataSources */; };
		7E5BD6972A4B1C7600FB806C /* BaseViewController.swift in Sources */ = {isa = PBXBuildFile; fileRef = 7E5BD6962A4B1C7600FB806C /* BaseViewController.swift */; };
		7E5BD69A2A4B1CBA00FB806C /* Service.swift in Sources */ = {isa = PBXBuildFile; fileRef = 7E5BD6992A4B1CBA00FB806C /* Service.swift */; };
		7E5BD69D2A501FB300FB806C /* Alamofire in Frameworks */ = {isa = PBXBuildFile; productRef = 7E5BD69C2A501FB300FB806C /* Alamofire */; };
		7E5BD6A02A501FCA00FB806C /* SnapKit in Frameworks */ = {isa = PBXBuildFile; productRef = 7E5BD69F2A501FCA00FB806C /* SnapKit */; };
		7E5BD6A52A501FDD00FB806C /* RxCocoa in Frameworks */ = {isa = PBXBuildFile; productRef = 7E5BD6A42A501FDD00FB806C /* RxCocoa */; };
		7E5BD6A92A501FDD00FB806C /* RxSwift in Frameworks */ = {isa = PBXBuildFile; productRef = 7E5BD6A82A501FDD00FB806C /* RxSwift */; };
		7E5BD6B12A5029A700FB806C /* ViewModelType.swift in Sources */ = {isa = PBXBuildFile; fileRef = 7E5BD6B02A5029A700FB806C /* ViewModelType.swift */; };
		7E5BD6BB2A502AD800FB806C /* OsLog.swift in Sources */ = {isa = PBXBuildFile; fileRef = 7E5BD6BA2A502AD800FB806C /* OsLog.swift */; };
		7E5BD6BF2A502C8200FB806C /* ViewModelBindable.swift in Sources */ = {isa = PBXBuildFile; fileRef = 7E5BD6BE2A502C8200FB806C /* ViewModelBindable.swift */; };
		7E5BD6C32A502E8800FB806C /* HomeViewController.swift in Sources */ = {isa = PBXBuildFile; fileRef = 7E5BD6C22A502E8800FB806C /* HomeViewController.swift */; };
		7E5BD6C62A502EF100FB806C /* HomeViewModel.swift in Sources */ = {isa = PBXBuildFile; fileRef = 7E5BD6C52A502EF100FB806C /* HomeViewModel.swift */; };
		7EBBBC092A56E8D600C4999C /* Preview.swift in Sources */ = {isa = PBXBuildFile; fileRef = 7EBBBC082A56E8D600C4999C /* Preview.swift */; };
		7EBBBC0F2A56F63600C4999C /* BannerCell.swift in Sources */ = {isa = PBXBuildFile; fileRef = 7EBBBC0E2A56F63600C4999C /* BannerCell.swift */; };
		7EBBBC122A5829EE00C4999C /* MainViewController.swift in Sources */ = {isa = PBXBuildFile; fileRef = 7EBBBC112A5829EE00C4999C /* MainViewController.swift */; };
		7EBBBC162A582BB200C4999C /* SearchViewController.swift in Sources */ = {isa = PBXBuildFile; fileRef = 7EBBBC152A582BB200C4999C /* SearchViewController.swift */; };
		7EBBBC1D2A582CE900C4999C /* SearchViewModel.swift in Sources */ = {isa = PBXBuildFile; fileRef = 7EBBBC1C2A582CE900C4999C /* SearchViewModel.swift */; };
		7EBBBC1F2A582CF000C4999C /* StartViewModel.swift in Sources */ = {isa = PBXBuildFile; fileRef = 7EBBBC1E2A582CF000C4999C /* StartViewModel.swift */; };
		7EBBBC212A582CF500C4999C /* MyViewModel.swift in Sources */ = {isa = PBXBuildFile; fileRef = 7EBBBC202A582CF500C4999C /* MyViewModel.swift */; };
		7EBBBC232A582D2A00C4999C /* StarViewController.swift in Sources */ = {isa = PBXBuildFile; fileRef = 7EBBBC222A582D2A00C4999C /* StarViewController.swift */; };
		7EBBBC252A582D3A00C4999C /* MyViewController.swift in Sources */ = {isa = PBXBuildFile; fileRef = 7EBBBC242A582D3A00C4999C /* MyViewController.swift */; };
		7EBBBC282A58383300C4999C /* Account.swift in Sources */ = {isa = PBXBuildFile; fileRef = 7EBBBC272A58383300C4999C /* Account.swift */; };
		7EBBBC2A2A58399E00C4999C /* MobileDeviceInfo.swift in Sources */ = {isa = PBXBuildFile; fileRef = 7EBBBC292A58399E00C4999C /* MobileDeviceInfo.swift */; };
		7EBBBC2C2A5839DF00C4999C /* Profile.swift in Sources */ = {isa = PBXBuildFile; fileRef = 7EBBBC2B2A5839DF00C4999C /* Profile.swift */; };
		7EBBBC2F2A583B5400C4999C /* File.swift in Sources */ = {isa = PBXBuildFile; fileRef = 7EBBBC2E2A583B5400C4999C /* File.swift */; };
		7EBBBC312A583D9800C4999C /* Ticket.swift in Sources */ = {isa = PBXBuildFile; fileRef = 7EBBBC302A583D9800C4999C /* Ticket.swift */; };
		7EBBBC332A583F7800C4999C /* TicketPayment.swift in Sources */ = {isa = PBXBuildFile; fileRef = 7EBBBC322A583F7800C4999C /* TicketPayment.swift */; };
		7EBBBC352A583FA700C4999C /* TicketRaise.swift in Sources */ = {isa = PBXBuildFile; fileRef = 7EBBBC342A583FA700C4999C /* TicketRaise.swift */; };
		7EBBBC372A5840A800C4999C /* PageRequest.swift in Sources */ = {isa = PBXBuildFile; fileRef = 7EBBBC362A5840A800C4999C /* PageRequest.swift */; };
		7EBBBC3B2A5909EA00C4999C /* Watched.swift in Sources */ = {isa = PBXBuildFile; fileRef = 7EBBBC3A2A5909EA00C4999C /* Watched.swift */; };
		7EBBBC3D2A5909FF00C4999C /* Person.swift in Sources */ = {isa = PBXBuildFile; fileRef = 7EBBBC3C2A5909FF00C4999C /* Person.swift */; };
		7EBBBC3F2A590A1B00C4999C /* Favorite.swift in Sources */ = {isa = PBXBuildFile; fileRef = 7EBBBC3E2A590A1B00C4999C /* Favorite.swift */; };
		7EBBBC412A590A2900C4999C /* ContentsInfo.swift in Sources */ = {isa = PBXBuildFile; fileRef = 7EBBBC402A590A2900C4999C /* ContentsInfo.swift */; };
		7EBBBC432A590A3700C4999C /* ContentsDetail.swift in Sources */ = {isa = PBXBuildFile; fileRef = 7EBBBC422A590A3700C4999C /* ContentsDetail.swift */; };
		7EBBBC452A590A4300C4999C /* Category.swift in Sources */ = {isa = PBXBuildFile; fileRef = 7EBBBC442A590A4300C4999C /* Category.swift */; };
		7EBBBC472A590A5100C4999C /* Analyze.swift in Sources */ = {isa = PBXBuildFile; fileRef = 7EBBBC462A590A5100C4999C /* Analyze.swift */; };
		7EBBBC492A5910AE00C4999C /* ContentPerson.swift in Sources */ = {isa = PBXBuildFile; fileRef = 7EBBBC482A5910AE00C4999C /* ContentPerson.swift */; };
		7EBBBC4B2A5910FE00C4999C /* FavoriteWatched.swift in Sources */ = {isa = PBXBuildFile; fileRef = 7EBBBC4A2A5910FE00C4999C /* FavoriteWatched.swift */; };
		7EBBBC4E2A59159B00C4999C /* Banner.swift in Sources */ = {isa = PBXBuildFile; fileRef = 7EBBBC4D2A59159B00C4999C /* Banner.swift */; };
		7EBBBC502A5915F100C4999C /* Comment.swift in Sources */ = {isa = PBXBuildFile; fileRef = 7EBBBC4F2A5915F100C4999C /* Comment.swift */; };
		7EBBBC522A5916FD00C4999C /* CustomerService.swift in Sources */ = {isa = PBXBuildFile; fileRef = 7EBBBC512A5916FD00C4999C /* CustomerService.swift */; };
		7EBBBC542A5919DF00C4999C /* Faq.swift in Sources */ = {isa = PBXBuildFile; fileRef = 7EBBBC532A5919DF00C4999C /* Faq.swift */; };
		7EBBBC562A591A6700C4999C /* Notice.swift in Sources */ = {isa = PBXBuildFile; fileRef = 7EBBBC552A591A6700C4999C /* Notice.swift */; };
		7EC697D52A6175FB006F3F22 /* Constants.swift in Sources */ = {isa = PBXBuildFile; fileRef = 7EC697D42A6175FB006F3F22 /* Constants.swift */; };
		7EC697DD2A617969006F3F22 /* Step1ViewModel.swift in Sources */ = {isa = PBXBuildFile; fileRef = 7EC697DC2A617969006F3F22 /* Step1ViewModel.swift */; };
		7EC697DF2A6179C2006F3F22 /* Step2ViewModel.swift in Sources */ = {isa = PBXBuildFile; fileRef = 7EC697DE2A6179C2006F3F22 /* Step2ViewModel.swift */; };
		7EC697E12A617A19006F3F22 /* Step1ViewController.swift in Sources */ = {isa = PBXBuildFile; fileRef = 7EC697E02A617A19006F3F22 /* Step1ViewController.swift */; };
		7EC697E32A617A81006F3F22 /* Step2ViewController.swift in Sources */ = {isa = PBXBuildFile; fileRef = 7EC697E22A617A81006F3F22 /* Step2ViewController.swift */; };
		7EC697E82A617B31006F3F22 /* IdInput.swift in Sources */ = {isa = PBXBuildFile; fileRef = 7EC697E72A617B31006F3F22 /* IdInput.swift */; };
		7EC697EA2A6259C5006F3F22 /* PasswordInput.swift in Sources */ = {isa = PBXBuildFile; fileRef = 7EC697E92A6259C5006F3F22 /* PasswordInput.swift */; };
		7EC818D92A5951C200A28D43 /* NSObject-Rx in Frameworks */ = {isa = PBXBuildFile; productRef = 7EC818D82A5951C200A28D43 /* NSObject-Rx */; };
		7EC818DB2A59954200A28D43 /* AnalyzeCell.swift in Sources */ = {isa = PBXBuildFile; fileRef = 7EC818DA2A59954200A28D43 /* AnalyzeCell.swift */; };
		7EC818DD2A5999F100A28D43 /* Footer.swift in Sources */ = {isa = PBXBuildFile; fileRef = 7EC818DC2A5999F100A28D43 /* Footer.swift */; };
		7EC97DA92A2557E0008AC342 /* AppDelegate.swift in Sources */ = {isa = PBXBuildFile; fileRef = 7EC97DA82A2557E0008AC342 /* AppDelegate.swift */; };
		7EC97DAB2A2557E0008AC342 /* SceneDelegate.swift in Sources */ = {isa = PBXBuildFile; fileRef = 7EC97DAA2A2557E0008AC342 /* SceneDelegate.swift */; };
		7EC97DB22A2557E1008AC342 /* Assets.xcassets in Resources */ = {isa = PBXBuildFile; fileRef = 7EC97DB12A2557E1008AC342 /* Assets.xcassets */; };
		7EC97DB52A2557E1008AC342 /* LaunchScreen.storyboard in Resources */ = {isa = PBXBuildFile; fileRef = 7EC97DB32A2557E1008AC342 /* LaunchScreen.storyboard */; };
		7EC97DC02A2557E1008AC342 /* netflix_cloneTests.swift in Sources */ = {isa = PBXBuildFile; fileRef = 7EC97DBF2A2557E1008AC342 /* netflix_cloneTests.swift */; };
		7EC97DCA2A2557E1008AC342 /* netflix_cloneUITests.swift in Sources */ = {isa = PBXBuildFile; fileRef = 7EC97DC92A2557E1008AC342 /* netflix_cloneUITests.swift */; };
		7EC97DCC2A2557E1008AC342 /* netflix_cloneUITestsLaunchTests.swift in Sources */ = {isa = PBXBuildFile; fileRef = 7EC97DCB2A2557E1008AC342 /* netflix_cloneUITestsLaunchTests.swift */; };
/* End PBXBuildFile section */

/* Begin PBXContainerItemProxy section */
		7EC97DBC2A2557E1008AC342 /* PBXContainerItemProxy */ = {
			isa = PBXContainerItemProxy;
			containerPortal = 7EC97D9D2A2557E0008AC342 /* Project object */;
			proxyType = 1;
			remoteGlobalIDString = 7EC97DA42A2557E0008AC342;
			remoteInfo = netflix_clone;
		};
		7EC97DC62A2557E1008AC342 /* PBXContainerItemProxy */ = {
			isa = PBXContainerItemProxy;
			containerPortal = 7EC97D9D2A2557E0008AC342 /* Project object */;
			proxyType = 1;
			remoteGlobalIDString = 7EC97DA42A2557E0008AC342;
			remoteInfo = netflix_clone;
		};
/* End PBXContainerItemProxy section */

/* Begin PBXFileReference section */
		7E05342B2A66C86000C28837 /* BaseNavigationController.swift */ = {isa = PBXFileReference; lastKnownFileType = sourcecode.swift; path = BaseNavigationController.swift; sourceTree = "<group>"; };
		7E05342E2A69525600C28837 /* SearchCommonCell.swift */ = {isa = PBXFileReference; lastKnownFileType = sourcecode.swift; path = SearchCommonCell.swift; sourceTree = "<group>"; };
		7E0534332A6965F100C28837 /* SearchResultViewController.swift */ = {isa = PBXFileReference; lastKnownFileType = sourcecode.swift; path = SearchResultViewController.swift; sourceTree = "<group>"; };
		7E0534382A69675300C28837 /* SearchResultViewModel.swift */ = {isa = PBXFileReference; lastKnownFileType = sourcecode.swift; path = SearchResultViewModel.swift; sourceTree = "<group>"; };
		7E1D97AE2A5A5E3400E91650 /* PosterCell.swift */ = {isa = PBXFileReference; lastKnownFileType = sourcecode.swift; path = PosterCell.swift; sourceTree = "<group>"; };
		7E1D97B02A5A7EE700E91650 /* AnalyzeFlow.swift */ = {isa = PBXFileReference; lastKnownFileType = sourcecode.swift; path = AnalyzeFlow.swift; sourceTree = "<group>"; };
		7E1D97B22A5A87F400E91650 /* RankCell.swift */ = {isa = PBXFileReference; lastKnownFileType = sourcecode.swift; path = RankCell.swift; sourceTree = "<group>"; };
		7E1D97B42A5ACD4B00E91650 /* CategoryCell.swift */ = {isa = PBXFileReference; lastKnownFileType = sourcecode.swift; path = CategoryCell.swift; sourceTree = "<group>"; };
		7E1D97B82A5AE62600E91650 /* NoticeViewModel.swift */ = {isa = PBXFileReference; lastKnownFileType = sourcecode.swift; path = NoticeViewModel.swift; sourceTree = "<group>"; };
		7E1D97BA2A5AE65400E91650 /* NoticeViewController.swift */ = {isa = PBXFileReference; lastKnownFileType = sourcecode.swift; path = NoticeViewController.swift; sourceTree = "<group>"; };
		7E3C277D2A5C272A002E08A6 /* NoticeCell.swift */ = {isa = PBXFileReference; lastKnownFileType = sourcecode.swift; path = NoticeCell.swift; sourceTree = "<group>"; };
		7E3C277F2A5C3312002E08A6 /* PageResult.swift */ = {isa = PBXFileReference; lastKnownFileType = sourcecode.swift; path = PageResult.swift; sourceTree = "<group>"; };
		7E3C27822A5C3C76002E08A6 /* spinner.json */ = {isa = PBXFileReference; fileEncoding = 4; lastKnownFileType = text.json; name = spinner.json; path = ../../../../../../spinner.json; sourceTree = "<group>"; };
		7E5BD6962A4B1C7600FB806C /* BaseViewController.swift */ = {isa = PBXFileReference; lastKnownFileType = sourcecode.swift; path = BaseViewController.swift; sourceTree = "<group>"; };
		7E5BD6992A4B1CBA00FB806C /* Service.swift */ = {isa = PBXFileReference; lastKnownFileType = sourcecode.swift; path = Service.swift; sourceTree = "<group>"; };
		7E5BD6B02A5029A700FB806C /* ViewModelType.swift */ = {isa = PBXFileReference; lastKnownFileType = sourcecode.swift; path = ViewModelType.swift; sourceTree = "<group>"; };
		7E5BD6B32A502AA300FB806C /* OSLog.framework */ = {isa = PBXFileReference; lastKnownFileType = wrapper.framework; name = OSLog.framework; path = System/Library/Frameworks/OSLog.framework; sourceTree = SDKROOT; };
		7E5BD6BA2A502AD800FB806C /* OsLog.swift */ = {isa = PBXFileReference; lastKnownFileType = sourcecode.swift; path = OsLog.swift; sourceTree = "<group>"; };
		7E5BD6BE2A502C8200FB806C /* ViewModelBindable.swift */ = {isa = PBXFileReference; lastKnownFileType = sourcecode.swift; path = ViewModelBindable.swift; sourceTree = "<group>"; };
		7E5BD6C22A502E8800FB806C /* HomeViewController.swift */ = {isa = PBXFileReference; lastKnownFileType = sourcecode.swift; path = HomeViewController.swift; sourceTree = "<group>"; };
		7E5BD6C52A502EF100FB806C /* HomeViewModel.swift */ = {isa = PBXFileReference; lastKnownFileType = sourcecode.swift; path = HomeViewModel.swift; sourceTree = "<group>"; };
		7EBBBC082A56E8D600C4999C /* Preview.swift */ = {isa = PBXFileReference; lastKnownFileType = sourcecode.swift; path = Preview.swift; sourceTree = "<group>"; };
		7EBBBC0E2A56F63600C4999C /* BannerCell.swift */ = {isa = PBXFileReference; lastKnownFileType = sourcecode.swift; path = BannerCell.swift; sourceTree = "<group>"; };
		7EBBBC112A5829EE00C4999C /* MainViewController.swift */ = {isa = PBXFileReference; lastKnownFileType = sourcecode.swift; path = MainViewController.swift; sourceTree = "<group>"; };
		7EBBBC152A582BB200C4999C /* SearchViewController.swift */ = {isa = PBXFileReference; lastKnownFileType = sourcecode.swift; path = SearchViewController.swift; sourceTree = "<group>"; };
		7EBBBC1C2A582CE900C4999C /* SearchViewModel.swift */ = {isa = PBXFileReference; lastKnownFileType = sourcecode.swift; path = SearchViewModel.swift; sourceTree = "<group>"; };
		7EBBBC1E2A582CF000C4999C /* StartViewModel.swift */ = {isa = PBXFileReference; lastKnownFileType = sourcecode.swift; path = StartViewModel.swift; sourceTree = "<group>"; };
		7EBBBC202A582CF500C4999C /* MyViewModel.swift */ = {isa = PBXFileReference; lastKnownFileType = sourcecode.swift; path = MyViewModel.swift; sourceTree = "<group>"; };
		7EBBBC222A582D2A00C4999C /* StarViewController.swift */ = {isa = PBXFileReference; lastKnownFileType = sourcecode.swift; path = StarViewController.swift; sourceTree = "<group>"; };
		7EBBBC242A582D3A00C4999C /* MyViewController.swift */ = {isa = PBXFileReference; lastKnownFileType = sourcecode.swift; path = MyViewController.swift; sourceTree = "<group>"; };
		7EBBBC272A58383300C4999C /* Account.swift */ = {isa = PBXFileReference; lastKnownFileType = sourcecode.swift; path = Account.swift; sourceTree = "<group>"; };
		7EBBBC292A58399E00C4999C /* MobileDeviceInfo.swift */ = {isa = PBXFileReference; lastKnownFileType = sourcecode.swift; path = MobileDeviceInfo.swift; sourceTree = "<group>"; };
		7EBBBC2B2A5839DF00C4999C /* Profile.swift */ = {isa = PBXFileReference; lastKnownFileType = sourcecode.swift; path = Profile.swift; sourceTree = "<group>"; };
		7EBBBC2E2A583B5400C4999C /* File.swift */ = {isa = PBXFileReference; lastKnownFileType = sourcecode.swift; path = File.swift; sourceTree = "<group>"; };
		7EBBBC302A583D9800C4999C /* Ticket.swift */ = {isa = PBXFileReference; lastKnownFileType = sourcecode.swift; path = Ticket.swift; sourceTree = "<group>"; };
		7EBBBC322A583F7800C4999C /* TicketPayment.swift */ = {isa = PBXFileReference; lastKnownFileType = sourcecode.swift; path = TicketPayment.swift; sourceTree = "<group>"; };
		7EBBBC342A583FA700C4999C /* TicketRaise.swift */ = {isa = PBXFileReference; lastKnownFileType = sourcecode.swift; path = TicketRaise.swift; sourceTree = "<group>"; };
		7EBBBC362A5840A800C4999C /* PageRequest.swift */ = {isa = PBXFileReference; lastKnownFileType = sourcecode.swift; path = PageRequest.swift; sourceTree = "<group>"; };
		7EBBBC3A2A5909EA00C4999C /* Watched.swift */ = {isa = PBXFileReference; lastKnownFileType = sourcecode.swift; path = Watched.swift; sourceTree = "<group>"; };
		7EBBBC3C2A5909FF00C4999C /* Person.swift */ = {isa = PBXFileReference; lastKnownFileType = sourcecode.swift; path = Person.swift; sourceTree = "<group>"; };
		7EBBBC3E2A590A1B00C4999C /* Favorite.swift */ = {isa = PBXFileReference; lastKnownFileType = sourcecode.swift; path = Favorite.swift; sourceTree = "<group>"; };
		7EBBBC402A590A2900C4999C /* ContentsInfo.swift */ = {isa = PBXFileReference; lastKnownFileType = sourcecode.swift; path = ContentsInfo.swift; sourceTree = "<group>"; };
		7EBBBC422A590A3700C4999C /* ContentsDetail.swift */ = {isa = PBXFileReference; lastKnownFileType = sourcecode.swift; path = ContentsDetail.swift; sourceTree = "<group>"; };
		7EBBBC442A590A4300C4999C /* Category.swift */ = {isa = PBXFileReference; lastKnownFileType = sourcecode.swift; path = Category.swift; sourceTree = "<group>"; };
		7EBBBC462A590A5100C4999C /* Analyze.swift */ = {isa = PBXFileReference; lastKnownFileType = sourcecode.swift; path = Analyze.swift; sourceTree = "<group>"; };
		7EBBBC482A5910AE00C4999C /* ContentPerson.swift */ = {isa = PBXFileReference; lastKnownFileType = sourcecode.swift; path = ContentPerson.swift; sourceTree = "<group>"; };
		7EBBBC4A2A5910FE00C4999C /* FavoriteWatched.swift */ = {isa = PBXFileReference; lastKnownFileType = sourcecode.swift; path = FavoriteWatched.swift; sourceTree = "<group>"; };
		7EBBBC4D2A59159B00C4999C /* Banner.swift */ = {isa = PBXFileReference; lastKnownFileType = sourcecode.swift; path = Banner.swift; sourceTree = "<group>"; };
		7EBBBC4F2A5915F100C4999C /* Comment.swift */ = {isa = PBXFileReference; lastKnownFileType = sourcecode.swift; path = Comment.swift; sourceTree = "<group>"; };
		7EBBBC512A5916FD00C4999C /* CustomerService.swift */ = {isa = PBXFileReference; lastKnownFileType = sourcecode.swift; path = CustomerService.swift; sourceTree = "<group>"; };
		7EBBBC532A5919DF00C4999C /* Faq.swift */ = {isa = PBXFileReference; lastKnownFileType = sourcecode.swift; path = Faq.swift; sourceTree = "<group>"; };
		7EBBBC552A591A6700C4999C /* Notice.swift */ = {isa = PBXFileReference; lastKnownFileType = sourcecode.swift; path = Notice.swift; sourceTree = "<group>"; };
		7EC697D42A6175FB006F3F22 /* Constants.swift */ = {isa = PBXFileReference; lastKnownFileType = sourcecode.swift; path = Constants.swift; sourceTree = "<group>"; };
		7EC697DC2A617969006F3F22 /* Step1ViewModel.swift */ = {isa = PBXFileReference; lastKnownFileType = sourcecode.swift; path = Step1ViewModel.swift; sourceTree = "<group>"; };
		7EC697DE2A6179C2006F3F22 /* Step2ViewModel.swift */ = {isa = PBXFileReference; lastKnownFileType = sourcecode.swift; path = Step2ViewModel.swift; sourceTree = "<group>"; };
		7EC697E02A617A19006F3F22 /* Step1ViewController.swift */ = {isa = PBXFileReference; lastKnownFileType = sourcecode.swift; path = Step1ViewController.swift; sourceTree = "<group>"; };
		7EC697E22A617A81006F3F22 /* Step2ViewController.swift */ = {isa = PBXFileReference; lastKnownFileType = sourcecode.swift; path = Step2ViewController.swift; sourceTree = "<group>"; };
		7EC697E72A617B31006F3F22 /* IdInput.swift */ = {isa = PBXFileReference; lastKnownFileType = sourcecode.swift; path = IdInput.swift; sourceTree = "<group>"; };
		7EC697E92A6259C5006F3F22 /* PasswordInput.swift */ = {isa = PBXFileReference; lastKnownFileType = sourcecode.swift; path = PasswordInput.swift; sourceTree = "<group>"; };
		7EC818DA2A59954200A28D43 /* AnalyzeCell.swift */ = {isa = PBXFileReference; lastKnownFileType = sourcecode.swift; path = AnalyzeCell.swift; sourceTree = "<group>"; };
		7EC818DC2A5999F100A28D43 /* Footer.swift */ = {isa = PBXFileReference; lastKnownFileType = sourcecode.swift; path = Footer.swift; sourceTree = "<group>"; };
		7EC97DA52A2557E0008AC342 /* netflix_clone.app */ = {isa = PBXFileReference; explicitFileType = wrapper.application; includeInIndex = 0; path = netflix_clone.app; sourceTree = BUILT_PRODUCTS_DIR; };
		7EC97DA82A2557E0008AC342 /* AppDelegate.swift */ = {isa = PBXFileReference; lastKnownFileType = sourcecode.swift; path = AppDelegate.swift; sourceTree = "<group>"; };
		7EC97DAA2A2557E0008AC342 /* SceneDelegate.swift */ = {isa = PBXFileReference; lastKnownFileType = sourcecode.swift; path = SceneDelegate.swift; sourceTree = "<group>"; };
		7EC97DB12A2557E1008AC342 /* Assets.xcassets */ = {isa = PBXFileReference; lastKnownFileType = folder.assetcatalog; path = Assets.xcassets; sourceTree = "<group>"; };
		7EC97DB42A2557E1008AC342 /* Base */ = {isa = PBXFileReference; lastKnownFileType = file.storyboard; name = Base; path = Base.lproj/LaunchScreen.storyboard; sourceTree = "<group>"; };
		7EC97DB62A2557E1008AC342 /* Info.plist */ = {isa = PBXFileReference; lastKnownFileType = text.plist.xml; name = Info.plist; path = netflix_clone/resources/Info.plist; sourceTree = SOURCE_ROOT; };
		7EC97DBB2A2557E1008AC342 /* netflix_cloneTests.xctest */ = {isa = PBXFileReference; explicitFileType = wrapper.cfbundle; includeInIndex = 0; path = netflix_cloneTests.xctest; sourceTree = BUILT_PRODUCTS_DIR; };
		7EC97DBF2A2557E1008AC342 /* netflix_cloneTests.swift */ = {isa = PBXFileReference; lastKnownFileType = sourcecode.swift; path = netflix_cloneTests.swift; sourceTree = "<group>"; };
		7EC97DC52A2557E1008AC342 /* netflix_cloneUITests.xctest */ = {isa = PBXFileReference; explicitFileType = wrapper.cfbundle; includeInIndex = 0; path = netflix_cloneUITests.xctest; sourceTree = BUILT_PRODUCTS_DIR; };
		7EC97DC92A2557E1008AC342 /* netflix_cloneUITests.swift */ = {isa = PBXFileReference; lastKnownFileType = sourcecode.swift; path = netflix_cloneUITests.swift; sourceTree = "<group>"; };
		7EC97DCB2A2557E1008AC342 /* netflix_cloneUITestsLaunchTests.swift */ = {isa = PBXFileReference; lastKnownFileType = sourcecode.swift; path = netflix_cloneUITestsLaunchTests.swift; sourceTree = "<group>"; };
/* End PBXFileReference section */

/* Begin PBXFrameworksBuildPhase section */
		7EC97DA22A2557E0008AC342 /* Frameworks */ = {
			isa = PBXFrameworksBuildPhase;
			buildActionMask = 2147483647;
			files = (
				7E5BD6A92A501FDD00FB806C /* RxSwift in Frameworks */,
				7E5BD69D2A501FB300FB806C /* Alamofire in Frameworks */,
				7E5BD6A52A501FDD00FB806C /* RxCocoa in Frameworks */,
				7E5BD6A02A501FCA00FB806C /* SnapKit in Frameworks */,
				7E3C27862A5ECDBD002E08A6 /* RxDataSources in Frameworks */,
				7EC818D92A5951C200A28D43 /* NSObject-Rx in Frameworks */,
				7E1D97AD2A59B6E400E91650 /* Lottie in Frameworks */,
			);
			runOnlyForDeploymentPostprocessing = 0;
		};
		7EC97DB82A2557E1008AC342 /* Frameworks */ = {
			isa = PBXFrameworksBuildPhase;
			buildActionMask = 2147483647;
			files = (
			);
			runOnlyForDeploymentPostprocessing = 0;
		};
		7EC97DC22A2557E1008AC342 /* Frameworks */ = {
			isa = PBXFrameworksBuildPhase;
			buildActionMask = 2147483647;
			files = (
			);
			runOnlyForDeploymentPostprocessing = 0;
		};
/* End PBXFrameworksBuildPhase section */

/* Begin PBXGroup section */
		7E05342D2A69521200C28837 /* search */ = {
			isa = PBXGroup;
			children = (
				7E05342E2A69525600C28837 /* SearchCommonCell.swift */,
			);
			path = search;
			sourceTree = "<group>";
		};
		7E0534322A6965E700C28837 /* result */ = {
			isa = PBXGroup;
			children = (
				7E0534332A6965F100C28837 /* SearchResultViewController.swift */,
			);
			path = result;
			sourceTree = "<group>";
		};
		7E0534352A6966C500C28837 /* main */ = {
			isa = PBXGroup;
			children = (
				7EBBBC152A582BB200C4999C /* SearchViewController.swift */,
			);
			path = main;
			sourceTree = "<group>";
		};
		7E0534362A6966D200C28837 /* main */ = {
			isa = PBXGroup;
			children = (
				7EBBBC1C2A582CE900C4999C /* SearchViewModel.swift */,
			);
			path = main;
			sourceTree = "<group>";
		};
		7E0534372A6966D700C28837 /* result */ = {
			isa = PBXGroup;
			children = (
				7E0534382A69675300C28837 /* SearchResultViewModel.swift */,
			);
			path = result;
			sourceTree = "<group>";
		};
		7E1D97B62A5AE60F00E91650 /* notice */ = {
			isa = PBXGroup;
			children = (
				7E1D97BA2A5AE65400E91650 /* NoticeViewController.swift */,
			);
			path = notice;
			sourceTree = "<group>";
		};
		7E1D97B72A5AE61B00E91650 /* notice */ = {
			isa = PBXGroup;
			children = (
				7E1D97B82A5AE62600E91650 /* NoticeViewModel.swift */,
			);
			path = notice;
			sourceTree = "<group>";
		};
		7E3C277C2A5C2721002E08A6 /* notice */ = {
			isa = PBXGroup;
			children = (
				7E3C277D2A5C272A002E08A6 /* NoticeCell.swift */,
			);
			path = notice;
			sourceTree = "<group>";
		};
		7E3C27812A5C3C6B002E08A6 /* lottie */ = {
			isa = PBXGroup;
			children = (
				7E3C27822A5C3C76002E08A6 /* spinner.json */,
			);
			path = lottie;
			sourceTree = "<group>";
		};
		7E5BD6902A4B1A8600FB806C /* model */ = {
			isa = PBXGroup;
			children = (
				7EBBBC4C2A59159500C4999C /* board */,
				7EBBBC392A5909E300C4999C /* movie */,
				7EBBBC382A59098700C4999C /* file */,
				7EBBBC2D2A583B5100C4999C /* other */,
				7EBBBC262A58382C00C4999C /* user */,
			);
			path = model;
			sourceTree = "<group>";
		};
		7E5BD6912A4B1A9A00FB806C /* viewModel */ = {
			isa = PBXGroup;
			children = (
				7EC697D92A617898006F3F22 /* sign */,
				7E1D97B72A5AE61B00E91650 /* notice */,
				7EBBBC192A582C0800C4999C /* my */,
				7EBBBC182A582C0400C4999C /* star */,
				7EBBBC172A582BF800C4999C /* search */,
				7E5BD6C42A502EE700FB806C /* home */,
			);
			path = viewModel;
			sourceTree = "<group>";
		};
		7E5BD6922A4B1AA000FB806C /* view */ = {
			isa = PBXGroup;
			children = (
				7EC697D62A617720006F3F22 /* sign */,
				7E1D97B62A5AE60F00E91650 /* notice */,
				7EBBBC1B2A582C0D00C4999C /* my */,
				7EBBBC1A2A582C0B00C4999C /* star */,
				7EBBBC142A582BA800C4999C /* search */,
				7EBBBC132A582B7100C4999C /* home */,
				7E5BD6C02A502E6000FB806C /* main */,
				7EC97DB32A2557E1008AC342 /* LaunchScreen.storyboard */,
			);
			path = view;
			sourceTree = "<group>";
		};
		7E5BD6932A4B1AA800FB806C /* resources */ = {
			isa = PBXGroup;
			children = (
				7EC97DB12A2557E1008AC342 /* Assets.xcassets */,
				7EC97DB62A2557E1008AC342 /* Info.plist */,
			);
			path = resources;
			sourceTree = "<group>";
		};
		7E5BD6942A4B1C6500FB806C /* config */ = {
			isa = PBXGroup;
			children = (
				7EC697D32A6175F2006F3F22 /* constants */,
				7E5BD6B92A502AD400FB806C /* utils */,
				7E5BD6AF2A5029A000FB806C /* viewModel */,
				7E5BD6982A4B1CB200FB806C /* service */,
				7E5BD6952A4B1C6900FB806C /* base */,
			);
			path = config;
			sourceTree = "<group>";
		};
		7E5BD6952A4B1C6900FB806C /* base */ = {
			isa = PBXGroup;
			children = (
				7E5BD6962A4B1C7600FB806C /* BaseViewController.swift */,
				7E05342B2A66C86000C28837 /* BaseNavigationController.swift */,
			);
			path = base;
			sourceTree = "<group>";
		};
		7E5BD6982A4B1CB200FB806C /* service */ = {
			isa = PBXGroup;
			children = (
				7E5BD6992A4B1CBA00FB806C /* Service.swift */,
			);
			path = service;
			sourceTree = "<group>";
		};
		7E5BD6AF2A5029A000FB806C /* viewModel */ = {
			isa = PBXGroup;
			children = (
				7E5BD6B02A5029A700FB806C /* ViewModelType.swift */,
				7E5BD6BE2A502C8200FB806C /* ViewModelBindable.swift */,
			);
			path = viewModel;
			sourceTree = "<group>";
		};
		7E5BD6B22A502AA200FB806C /* Frameworks */ = {
			isa = PBXGroup;
			children = (
				7E5BD6B32A502AA300FB806C /* OSLog.framework */,
			);
			name = Frameworks;
			sourceTree = "<group>";
		};
		7E5BD6B92A502AD400FB806C /* utils */ = {
			isa = PBXGroup;
			children = (
				7EBBBC082A56E8D600C4999C /* Preview.swift */,
				7E5BD6BA2A502AD800FB806C /* OsLog.swift */,
			);
			path = utils;
			sourceTree = "<group>";
		};
		7E5BD6C02A502E6000FB806C /* main */ = {
			isa = PBXGroup;
			children = (
				7EBBBC112A5829EE00C4999C /* MainViewController.swift */,
			);
			path = main;
			sourceTree = "<group>";
		};
		7E5BD6C42A502EE700FB806C /* home */ = {
			isa = PBXGroup;
			children = (
				7E5BD6C52A502EF100FB806C /* HomeViewModel.swift */,
			);
			path = home;
			sourceTree = "<group>";
		};
		7EBBBC0C2A56F61C00C4999C /* component */ = {
			isa = PBXGroup;
			children = (
				7E05342D2A69521200C28837 /* search */,
				7EC697E42A617AF0006F3F22 /* sign */,
				7E3C27812A5C3C6B002E08A6 /* lottie */,
				7E3C277C2A5C2721002E08A6 /* notice */,
				7EBBBC0D2A56F61E00C4999C /* home */,
			);
			path = component;
			sourceTree = "<group>";
		};
		7EBBBC0D2A56F61E00C4999C /* home */ = {
			isa = PBXGroup;
			children = (
				7EBBBC0E2A56F63600C4999C /* BannerCell.swift */,
				7EC818DA2A59954200A28D43 /* AnalyzeCell.swift */,
				7EC818DC2A5999F100A28D43 /* Footer.swift */,
				7E1D97AE2A5A5E3400E91650 /* PosterCell.swift */,
				7E1D97B02A5A7EE700E91650 /* AnalyzeFlow.swift */,
				7E1D97B22A5A87F400E91650 /* RankCell.swift */,
				7E1D97B42A5ACD4B00E91650 /* CategoryCell.swift */,
			);
			path = home;
			sourceTree = "<group>";
		};
		7EBBBC132A582B7100C4999C /* home */ = {
			isa = PBXGroup;
			children = (
				7E5BD6C22A502E8800FB806C /* HomeViewController.swift */,
			);
			path = home;
			sourceTree = "<group>";
		};
		7EBBBC142A582BA800C4999C /* search */ = {
			isa = PBXGroup;
			children = (
				7E0534352A6966C500C28837 /* main */,
				7E0534322A6965E700C28837 /* result */,
			);
			path = search;
			sourceTree = "<group>";
		};
		7EBBBC172A582BF800C4999C /* search */ = {
			isa = PBXGroup;
			children = (
				7E0534372A6966D700C28837 /* result */,
				7E0534362A6966D200C28837 /* main */,
			);
			path = search;
			sourceTree = "<group>";
		};
		7EBBBC182A582C0400C4999C /* star */ = {
			isa = PBXGroup;
			children = (
				7EBBBC1E2A582CF000C4999C /* StartViewModel.swift */,
			);
			path = star;
			sourceTree = "<group>";
		};
		7EBBBC192A582C0800C4999C /* my */ = {
			isa = PBXGroup;
			children = (
				7EBBBC202A582CF500C4999C /* MyViewModel.swift */,
			);
			path = my;
			sourceTree = "<group>";
		};
		7EBBBC1A2A582C0B00C4999C /* star */ = {
			isa = PBXGroup;
			children = (
				7EBBBC222A582D2A00C4999C /* StarViewController.swift */,
			);
			path = star;
			sourceTree = "<group>";
		};
		7EBBBC1B2A582C0D00C4999C /* my */ = {
			isa = PBXGroup;
			children = (
				7EBBBC242A582D3A00C4999C /* MyViewController.swift */,
			);
			path = my;
			sourceTree = "<group>";
		};
		7EBBBC262A58382C00C4999C /* user */ = {
			isa = PBXGroup;
			children = (
				7EBBBC272A58383300C4999C /* Account.swift */,
				7EBBBC292A58399E00C4999C /* MobileDeviceInfo.swift */,
				7EBBBC2B2A5839DF00C4999C /* Profile.swift */,
				7EBBBC302A583D9800C4999C /* Ticket.swift */,
				7EBBBC322A583F7800C4999C /* TicketPayment.swift */,
				7EBBBC342A583FA700C4999C /* TicketRaise.swift */,
			);
			path = user;
			sourceTree = "<group>";
		};
		7EBBBC2D2A583B5100C4999C /* other */ = {
			isa = PBXGroup;
			children = (
				7EBBBC362A5840A800C4999C /* PageRequest.swift */,
				7E3C277F2A5C3312002E08A6 /* PageResult.swift */,
			);
			path = other;
			sourceTree = "<group>";
		};
		7EBBBC382A59098700C4999C /* file */ = {
			isa = PBXGroup;
			children = (
				7EBBBC2E2A583B5400C4999C /* File.swift */,
			);
			name = file;
			path = "랴ㅣㄷ";
			sourceTree = "<group>";
		};
		7EBBBC392A5909E300C4999C /* movie */ = {
			isa = PBXGroup;
			children = (
				7EBBBC3A2A5909EA00C4999C /* Watched.swift */,
				7EBBBC3C2A5909FF00C4999C /* Person.swift */,
				7EBBBC3E2A590A1B00C4999C /* Favorite.swift */,
				7EBBBC402A590A2900C4999C /* ContentsInfo.swift */,
				7EBBBC422A590A3700C4999C /* ContentsDetail.swift */,
				7EBBBC442A590A4300C4999C /* Category.swift */,
				7EBBBC462A590A5100C4999C /* Analyze.swift */,
				7EBBBC482A5910AE00C4999C /* ContentPerson.swift */,
				7EBBBC4A2A5910FE00C4999C /* FavoriteWatched.swift */,
			);
			path = movie;
			sourceTree = "<group>";
		};
		7EBBBC4C2A59159500C4999C /* board */ = {
			isa = PBXGroup;
			children = (
				7EBBBC4D2A59159B00C4999C /* Banner.swift */,
				7EBBBC4F2A5915F100C4999C /* Comment.swift */,
				7EBBBC512A5916FD00C4999C /* CustomerService.swift */,
				7EBBBC532A5919DF00C4999C /* Faq.swift */,
				7EBBBC552A591A6700C4999C /* Notice.swift */,
			);
			path = board;
			sourceTree = "<group>";
		};
		7EC697D32A6175F2006F3F22 /* constants */ = {
			isa = PBXGroup;
			children = (
				7EC697D42A6175FB006F3F22 /* Constants.swift */,
			);
			path = constants;
			sourceTree = "<group>";
		};
		7EC697D62A617720006F3F22 /* sign */ = {
			isa = PBXGroup;
			children = (
				7EC697D72A617724006F3F22 /* in */,
			);
			path = sign;
			sourceTree = "<group>";
		};
		7EC697D72A617724006F3F22 /* in */ = {
			isa = PBXGroup;
			children = (
				7EC697E02A617A19006F3F22 /* Step1ViewController.swift */,
				7EC697E22A617A81006F3F22 /* Step2ViewController.swift */,
			);
			path = in;
			sourceTree = "<group>";
		};
		7EC697D92A617898006F3F22 /* sign */ = {
			isa = PBXGroup;
			children = (
				7EC697DA2A61789C006F3F22 /* in */,
			);
			path = sign;
			sourceTree = "<group>";
		};
		7EC697DA2A61789C006F3F22 /* in */ = {
			isa = PBXGroup;
			children = (
				7EC697DC2A617969006F3F22 /* Step1ViewModel.swift */,
				7EC697DE2A6179C2006F3F22 /* Step2ViewModel.swift */,
			);
			path = in;
			sourceTree = "<group>";
		};
		7EC697E42A617AF0006F3F22 /* sign */ = {
			isa = PBXGroup;
			children = (
				7EC697E62A617AFB006F3F22 /* step2 */,
				7EC697E52A617AF7006F3F22 /* step1 */,
			);
			path = sign;
			sourceTree = "<group>";
		};
		7EC697E52A617AF7006F3F22 /* step1 */ = {
			isa = PBXGroup;
			children = (
				7EC697E72A617B31006F3F22 /* IdInput.swift */,
			);
			path = step1;
			sourceTree = "<group>";
		};
		7EC697E62A617AFB006F3F22 /* step2 */ = {
			isa = PBXGroup;
			children = (
				7EC697E92A6259C5006F3F22 /* PasswordInput.swift */,
			);
			path = step2;
			sourceTree = "<group>";
		};
		7EC97D9C2A2557E0008AC342 = {
			isa = PBXGroup;
			children = (
				7EC97DA72A2557E0008AC342 /* netflix_clone */,
				7EC97DBE2A2557E1008AC342 /* netflix_cloneTests */,
				7EC97DC82A2557E1008AC342 /* netflix_cloneUITests */,
				7EC97DA62A2557E0008AC342 /* Products */,
				7E5BD6B22A502AA200FB806C /* Frameworks */,
			);
			sourceTree = "<group>";
		};
		7EC97DA62A2557E0008AC342 /* Products */ = {
			isa = PBXGroup;
			children = (
				7EC97DA52A2557E0008AC342 /* netflix_clone.app */,
				7EC97DBB2A2557E1008AC342 /* netflix_cloneTests.xctest */,
				7EC97DC52A2557E1008AC342 /* netflix_cloneUITests.xctest */,
			);
			name = Products;
			sourceTree = "<group>";
		};
		7EC97DA72A2557E0008AC342 /* netflix_clone */ = {
			isa = PBXGroup;
			children = (
				7EBBBC0C2A56F61C00C4999C /* component */,
				7E5BD6942A4B1C6500FB806C /* config */,
				7E5BD6932A4B1AA800FB806C /* resources */,
				7E5BD6922A4B1AA000FB806C /* view */,
				7E5BD6912A4B1A9A00FB806C /* viewModel */,
				7E5BD6902A4B1A8600FB806C /* model */,
				7EC97DA82A2557E0008AC342 /* AppDelegate.swift */,
				7EC97DAA2A2557E0008AC342 /* SceneDelegate.swift */,
			);
			path = netflix_clone;
			sourceTree = "<group>";
		};
		7EC97DBE2A2557E1008AC342 /* netflix_cloneTests */ = {
			isa = PBXGroup;
			children = (
				7EC97DBF2A2557E1008AC342 /* netflix_cloneTests.swift */,
			);
			path = netflix_cloneTests;
			sourceTree = "<group>";
		};
		7EC97DC82A2557E1008AC342 /* netflix_cloneUITests */ = {
			isa = PBXGroup;
			children = (
				7EC97DC92A2557E1008AC342 /* netflix_cloneUITests.swift */,
				7EC97DCB2A2557E1008AC342 /* netflix_cloneUITestsLaunchTests.swift */,
			);
			path = netflix_cloneUITests;
			sourceTree = "<group>";
		};
/* End PBXGroup section */

/* Begin PBXNativeTarget section */
		7EC97DA42A2557E0008AC342 /* netflix_clone */ = {
			isa = PBXNativeTarget;
			buildConfigurationList = 7EC97DCF2A2557E1008AC342 /* Build configuration list for PBXNativeTarget "netflix_clone" */;
			buildPhases = (
				7EC97DA12A2557E0008AC342 /* Sources */,
				7EC97DA22A2557E0008AC342 /* Frameworks */,
				7EC97DA32A2557E0008AC342 /* Resources */,
			);
			buildRules = (
			);
			dependencies = (
			);
			name = netflix_clone;
			packageProductDependencies = (
				7E5BD69C2A501FB300FB806C /* Alamofire */,
				7E5BD69F2A501FCA00FB806C /* SnapKit */,
				7E5BD6A42A501FDD00FB806C /* RxCocoa */,
				7E5BD6A82A501FDD00FB806C /* RxSwift */,
				7EC818D82A5951C200A28D43 /* NSObject-Rx */,
				7E1D97AC2A59B6E400E91650 /* Lottie */,
				7E3C27852A5ECDBD002E08A6 /* RxDataSources */,
			);
			productName = netflix_clone;
			productReference = 7EC97DA52A2557E0008AC342 /* netflix_clone.app */;
			productType = "com.apple.product-type.application";
		};
		7EC97DBA2A2557E1008AC342 /* netflix_cloneTests */ = {
			isa = PBXNativeTarget;
			buildConfigurationList = 7EC97DD22A2557E1008AC342 /* Build configuration list for PBXNativeTarget "netflix_cloneTests" */;
			buildPhases = (
				7EC97DB72A2557E1008AC342 /* Sources */,
				7EC97DB82A2557E1008AC342 /* Frameworks */,
				7EC97DB92A2557E1008AC342 /* Resources */,
			);
			buildRules = (
			);
			dependencies = (
				7EC97DBD2A2557E1008AC342 /* PBXTargetDependency */,
			);
			name = netflix_cloneTests;
			productName = netflix_cloneTests;
			productReference = 7EC97DBB2A2557E1008AC342 /* netflix_cloneTests.xctest */;
			productType = "com.apple.product-type.bundle.unit-test";
		};
		7EC97DC42A2557E1008AC342 /* netflix_cloneUITests */ = {
			isa = PBXNativeTarget;
			buildConfigurationList = 7EC97DD52A2557E1008AC342 /* Build configuration list for PBXNativeTarget "netflix_cloneUITests" */;
			buildPhases = (
				7EC97DC12A2557E1008AC342 /* Sources */,
				7EC97DC22A2557E1008AC342 /* Frameworks */,
				7EC97DC32A2557E1008AC342 /* Resources */,
			);
			buildRules = (
			);
			dependencies = (
				7EC97DC72A2557E1008AC342 /* PBXTargetDependency */,
			);
			name = netflix_cloneUITests;
			productName = netflix_cloneUITests;
			productReference = 7EC97DC52A2557E1008AC342 /* netflix_cloneUITests.xctest */;
			productType = "com.apple.product-type.bundle.ui-testing";
		};
/* End PBXNativeTarget section */

/* Begin PBXProject section */
		7EC97D9D2A2557E0008AC342 /* Project object */ = {
			isa = PBXProject;
			attributes = {
				BuildIndependentTargetsInParallel = 1;
				LastSwiftUpdateCheck = 1430;
				LastUpgradeCheck = 1430;
				TargetAttributes = {
					7EC97DA42A2557E0008AC342 = {
						CreatedOnToolsVersion = 14.3;
					};
					7EC97DBA2A2557E1008AC342 = {
						CreatedOnToolsVersion = 14.3;
						TestTargetID = 7EC97DA42A2557E0008AC342;
					};
					7EC97DC42A2557E1008AC342 = {
						CreatedOnToolsVersion = 14.3;
						TestTargetID = 7EC97DA42A2557E0008AC342;
					};
				};
			};
			buildConfigurationList = 7EC97DA02A2557E0008AC342 /* Build configuration list for PBXProject "netflix_clone" */;
			compatibilityVersion = "Xcode 14.0";
			developmentRegion = en;
			hasScannedForEncodings = 0;
			knownRegions = (
				en,
				Base,
			);
			mainGroup = 7EC97D9C2A2557E0008AC342;
			packageReferences = (
				7E5BD69B2A501FB300FB806C /* XCRemoteSwiftPackageReference "Alamofire" */,
				7E5BD69E2A501FCA00FB806C /* XCRemoteSwiftPackageReference "SnapKit" */,
				7E5BD6A12A501FDD00FB806C /* XCRemoteSwiftPackageReference "RxSwift" */,
				7EC818D72A5951C200A28D43 /* XCRemoteSwiftPackageReference "NSObject-Rx" */,
				7E1D97AB2A59B6E400E91650 /* XCRemoteSwiftPackageReference "lottie-ios" */,
				7E3C27842A5ECDBD002E08A6 /* XCRemoteSwiftPackageReference "RxDataSources" */,
			);
			productRefGroup = 7EC97DA62A2557E0008AC342 /* Products */;
			projectDirPath = "";
			projectRoot = "";
			targets = (
				7EC97DA42A2557E0008AC342 /* netflix_clone */,
				7EC97DBA2A2557E1008AC342 /* netflix_cloneTests */,
				7EC97DC42A2557E1008AC342 /* netflix_cloneUITests */,
			);
		};
/* End PBXProject section */

/* Begin PBXResourcesBuildPhase section */
		7EC97DA32A2557E0008AC342 /* Resources */ = {
			isa = PBXResourcesBuildPhase;
			buildActionMask = 2147483647;
			files = (
				7E3C27832A5C3C76002E08A6 /* spinner.json in Resources */,
				7EC97DB52A2557E1008AC342 /* LaunchScreen.storyboard in Resources */,
				7EC97DB22A2557E1008AC342 /* Assets.xcassets in Resources */,
			);
			runOnlyForDeploymentPostprocessing = 0;
		};
		7EC97DB92A2557E1008AC342 /* Resources */ = {
			isa = PBXResourcesBuildPhase;
			buildActionMask = 2147483647;
			files = (
			);
			runOnlyForDeploymentPostprocessing = 0;
		};
		7EC97DC32A2557E1008AC342 /* Resources */ = {
			isa = PBXResourcesBuildPhase;
			buildActionMask = 2147483647;
			files = (
			);
			runOnlyForDeploymentPostprocessing = 0;
		};
/* End PBXResourcesBuildPhase section */

/* Begin PBXSourcesBuildPhase section */
		7EC97DA12A2557E0008AC342 /* Sources */ = {
			isa = PBXSourcesBuildPhase;
			buildActionMask = 2147483647;
			files = (
				7EC697DD2A617969006F3F22 /* Step1ViewModel.swift in Sources */,
				7EC818DB2A59954200A28D43 /* AnalyzeCell.swift in Sources */,
				7EBBBC492A5910AE00C4999C /* ContentPerson.swift in Sources */,
				7E5BD6972A4B1C7600FB806C /* BaseViewController.swift in Sources */,
				7EC697E12A617A19006F3F22 /* Step1ViewController.swift in Sources */,
				7E5BD69A2A4B1CBA00FB806C /* Service.swift in Sources */,
				7E1D97B12A5A7EE700E91650 /* AnalyzeFlow.swift in Sources */,
				7E5BD6BB2A502AD800FB806C /* OsLog.swift in Sources */,
				7EBBBC3F2A590A1B00C4999C /* Favorite.swift in Sources */,
				7EBBBC4B2A5910FE00C4999C /* FavoriteWatched.swift in Sources */,
				7E5BD6BF2A502C8200FB806C /* ViewModelBindable.swift in Sources */,
				7EBBBC542A5919DF00C4999C /* Faq.swift in Sources */,
				7EBBBC252A582D3A00C4999C /* MyViewController.swift in Sources */,
				7EBBBC122A5829EE00C4999C /* MainViewController.swift in Sources */,
				7EBBBC452A590A4300C4999C /* Category.swift in Sources */,
				7E3C277E2A5C272A002E08A6 /* NoticeCell.swift in Sources */,
				7EBBBC0F2A56F63600C4999C /* BannerCell.swift in Sources */,
				7EC97DA92A2557E0008AC342 /* AppDelegate.swift in Sources */,
				7E05342C2A66C86000C28837 /* BaseNavigationController.swift in Sources */,
				7EBBBC332A583F7800C4999C /* TicketPayment.swift in Sources */,
				7EBBBC092A56E8D600C4999C /* Preview.swift in Sources */,
				7E1D97B32A5A87F400E91650 /* RankCell.swift in Sources */,
				7E0534342A6965F100C28837 /* SearchResultViewController.swift in Sources */,
				7E0534392A69675300C28837 /* SearchResultViewModel.swift in Sources */,
				7EBBBC2F2A583B5400C4999C /* File.swift in Sources */,
				7EBBBC1D2A582CE900C4999C /* SearchViewModel.swift in Sources */,
				7EC818DD2A5999F100A28D43 /* Footer.swift in Sources */,
				7EBBBC2C2A5839DF00C4999C /* Profile.swift in Sources */,
				7E1D97BB2A5AE65400E91650 /* NoticeViewController.swift in Sources */,
				7EBBBC162A582BB200C4999C /* SearchViewController.swift in Sources */,
				7E1D97B52A5ACD4B00E91650 /* CategoryCell.swift in Sources */,
				7EBBBC1F2A582CF000C4999C /* StartViewModel.swift in Sources */,
				7E5BD6B12A5029A700FB806C /* ViewModelType.swift in Sources */,
				7EBBBC502A5915F100C4999C /* Comment.swift in Sources */,
				7EC97DAB2A2557E0008AC342 /* SceneDelegate.swift in Sources */,
				7EBBBC352A583FA700C4999C /* TicketRaise.swift in Sources */,
				7EC697EA2A6259C5006F3F22 /* PasswordInput.swift in Sources */,
				7E3C27802A5C3312002E08A6 /* PageResult.swift in Sources */,
				7EBBBC3D2A5909FF00C4999C /* Person.swift in Sources */,
				7E1D97B92A5AE62600E91650 /* NoticeViewModel.swift in Sources */,
				7EBBBC562A591A6700C4999C /* Notice.swift in Sources */,
				7EC697D52A6175FB006F3F22 /* Constants.swift in Sources */,
				7EBBBC372A5840A800C4999C /* PageRequest.swift in Sources */,
				7E1D97AF2A5A5E3400E91650 /* PosterCell.swift in Sources */,
				7EBBBC522A5916FD00C4999C /* CustomerService.swift in Sources */,
				7EBBBC232A582D2A00C4999C /* StarViewController.swift in Sources */,
				7EBBBC432A590A3700C4999C /* ContentsDetail.swift in Sources */,
				7EBBBC4E2A59159B00C4999C /* Banner.swift in Sources */,
				7E5BD6C32A502E8800FB806C /* HomeViewController.swift in Sources */,
				7EBBBC412A590A2900C4999C /* ContentsInfo.swift in Sources */,
				7EBBBC472A590A5100C4999C /* Analyze.swift in Sources */,
				7EC697DF2A6179C2006F3F22 /* Step2ViewModel.swift in Sources */,
				7EBBBC212A582CF500C4999C /* MyViewModel.swift in Sources */,
				7EBBBC3B2A5909EA00C4999C /* Watched.swift in Sources */,
				7EBBBC2A2A58399E00C4999C /* MobileDeviceInfo.swift in Sources */,
				7EC697E32A617A81006F3F22 /* Step2ViewController.swift in Sources */,
				7EBBBC312A583D9800C4999C /* Ticket.swift in Sources */,
				7EC697E82A617B31006F3F22 /* IdInput.swift in Sources */,
				7EBBBC282A58383300C4999C /* Account.swift in Sources */,
				7E5BD6C62A502EF100FB806C /* HomeViewModel.swift in Sources */,
				7E05342F2A69525600C28837 /* SearchCommonCell.swift in Sources */,
			);
			runOnlyForDeploymentPostprocessing = 0;
		};
		7EC97DB72A2557E1008AC342 /* Sources */ = {
			isa = PBXSourcesBuildPhase;
			buildActionMask = 2147483647;
			files = (
				7EC97DC02A2557E1008AC342 /* netflix_cloneTests.swift in Sources */,
			);
			runOnlyForDeploymentPostprocessing = 0;
		};
		7EC97DC12A2557E1008AC342 /* Sources */ = {
			isa = PBXSourcesBuildPhase;
			buildActionMask = 2147483647;
			files = (
				7EC97DCA2A2557E1008AC342 /* netflix_cloneUITests.swift in Sources */,
				7EC97DCC2A2557E1008AC342 /* netflix_cloneUITestsLaunchTests.swift in Sources */,
			);
			runOnlyForDeploymentPostprocessing = 0;
		};
/* End PBXSourcesBuildPhase section */

/* Begin PBXTargetDependency section */
		7EC97DBD2A2557E1008AC342 /* PBXTargetDependency */ = {
			isa = PBXTargetDependency;
			target = 7EC97DA42A2557E0008AC342 /* netflix_clone */;
			targetProxy = 7EC97DBC2A2557E1008AC342 /* PBXContainerItemProxy */;
		};
		7EC97DC72A2557E1008AC342 /* PBXTargetDependency */ = {
			isa = PBXTargetDependency;
			target = 7EC97DA42A2557E0008AC342 /* netflix_clone */;
			targetProxy = 7EC97DC62A2557E1008AC342 /* PBXContainerItemProxy */;
		};
/* End PBXTargetDependency section */

/* Begin PBXVariantGroup section */
		7EC97DB32A2557E1008AC342 /* LaunchScreen.storyboard */ = {
			isa = PBXVariantGroup;
			children = (
				7EC97DB42A2557E1008AC342 /* Base */,
			);
			name = LaunchScreen.storyboard;
			sourceTree = "<group>";
		};
/* End PBXVariantGroup section */

/* Begin XCBuildConfiguration section */
		7EC97DCD2A2557E1008AC342 /* Debug */ = {
			isa = XCBuildConfiguration;
			buildSettings = {
				ALWAYS_SEARCH_USER_PATHS = NO;
				CLANG_ANALYZER_NONNULL = YES;
				CLANG_ANALYZER_NUMBER_OBJECT_CONVERSION = YES_AGGRESSIVE;
				CLANG_CXX_LANGUAGE_STANDARD = "gnu++20";
				CLANG_ENABLE_MODULES = YES;
				CLANG_ENABLE_OBJC_ARC = YES;
				CLANG_ENABLE_OBJC_WEAK = YES;
				CLANG_WARN_BLOCK_CAPTURE_AUTORELEASING = YES;
				CLANG_WARN_BOOL_CONVERSION = YES;
				CLANG_WARN_COMMA = YES;
				CLANG_WARN_CONSTANT_CONVERSION = YES;
				CLANG_WARN_DEPRECATED_OBJC_IMPLEMENTATIONS = YES;
				CLANG_WARN_DIRECT_OBJC_ISA_USAGE = YES_ERROR;
				CLANG_WARN_DOCUMENTATION_COMMENTS = YES;
				CLANG_WARN_EMPTY_BODY = YES;
				CLANG_WARN_ENUM_CONVERSION = YES;
				CLANG_WARN_INFINITE_RECURSION = YES;
				CLANG_WARN_INT_CONVERSION = YES;
				CLANG_WARN_NON_LITERAL_NULL_CONVERSION = YES;
				CLANG_WARN_OBJC_IMPLICIT_RETAIN_SELF = YES;
				CLANG_WARN_OBJC_LITERAL_CONVERSION = YES;
				CLANG_WARN_OBJC_ROOT_CLASS = YES_ERROR;
				CLANG_WARN_QUOTED_INCLUDE_IN_FRAMEWORK_HEADER = YES;
				CLANG_WARN_RANGE_LOOP_ANALYSIS = YES;
				CLANG_WARN_STRICT_PROTOTYPES = YES;
				CLANG_WARN_SUSPICIOUS_MOVE = YES;
				CLANG_WARN_UNGUARDED_AVAILABILITY = YES_AGGRESSIVE;
				CLANG_WARN_UNREACHABLE_CODE = YES;
				CLANG_WARN__DUPLICATE_METHOD_MATCH = YES;
				COPY_PHASE_STRIP = NO;
				DEBUG_INFORMATION_FORMAT = dwarf;
				ENABLE_STRICT_OBJC_MSGSEND = YES;
				GCC_C_LANGUAGE_STANDARD = gnu11;
				GCC_DYNAMIC_NO_PIC = NO;
				GCC_NO_COMMON_BLOCKS = YES;
				GCC_OPTIMIZATION_LEVEL = 0;
				GCC_PREPROCESSOR_DEFINITIONS = (
					"DEBUG=1",
					"$(inherited)",
				);
				GCC_WARN_64_TO_32_BIT_CONVERSION = YES;
				GCC_WARN_ABOUT_RETURN_TYPE = YES_ERROR;
				GCC_WARN_UNDECLARED_SELECTOR = YES;
				GCC_WARN_UNINITIALIZED_AUTOS = YES_AGGRESSIVE;
				GCC_WARN_UNUSED_FUNCTION = YES;
				GCC_WARN_UNUSED_VARIABLE = YES;
				IPHONEOS_DEPLOYMENT_TARGET = 13.0;
				MTL_ENABLE_DEBUG_INFO = INCLUDE_SOURCE;
				MTL_FAST_MATH = YES;
				ONLY_ACTIVE_ARCH = YES;
				SDKROOT = iphoneos;
				SWIFT_ACTIVE_COMPILATION_CONDITIONS = "DEVELOPE DEBUG";
				SWIFT_OPTIMIZATION_LEVEL = "-Onone";
			};
			name = Debug;
		};
		7EC97DCE2A2557E1008AC342 /* Release */ = {
			isa = XCBuildConfiguration;
			buildSettings = {
				ALWAYS_SEARCH_USER_PATHS = NO;
				CLANG_ANALYZER_NONNULL = YES;
				CLANG_ANALYZER_NUMBER_OBJECT_CONVERSION = YES_AGGRESSIVE;
				CLANG_CXX_LANGUAGE_STANDARD = "gnu++20";
				CLANG_ENABLE_MODULES = YES;
				CLANG_ENABLE_OBJC_ARC = YES;
				CLANG_ENABLE_OBJC_WEAK = YES;
				CLANG_WARN_BLOCK_CAPTURE_AUTORELEASING = YES;
				CLANG_WARN_BOOL_CONVERSION = YES;
				CLANG_WARN_COMMA = YES;
				CLANG_WARN_CONSTANT_CONVERSION = YES;
				CLANG_WARN_DEPRECATED_OBJC_IMPLEMENTATIONS = YES;
				CLANG_WARN_DIRECT_OBJC_ISA_USAGE = YES_ERROR;
				CLANG_WARN_DOCUMENTATION_COMMENTS = YES;
				CLANG_WARN_EMPTY_BODY = YES;
				CLANG_WARN_ENUM_CONVERSION = YES;
				CLANG_WARN_INFINITE_RECURSION = YES;
				CLANG_WARN_INT_CONVERSION = YES;
				CLANG_WARN_NON_LITERAL_NULL_CONVERSION = YES;
				CLANG_WARN_OBJC_IMPLICIT_RETAIN_SELF = YES;
				CLANG_WARN_OBJC_LITERAL_CONVERSION = YES;
				CLANG_WARN_OBJC_ROOT_CLASS = YES_ERROR;
				CLANG_WARN_QUOTED_INCLUDE_IN_FRAMEWORK_HEADER = YES;
				CLANG_WARN_RANGE_LOOP_ANALYSIS = YES;
				CLANG_WARN_STRICT_PROTOTYPES = YES;
				CLANG_WARN_SUSPICIOUS_MOVE = YES;
				CLANG_WARN_UNGUARDED_AVAILABILITY = YES_AGGRESSIVE;
				CLANG_WARN_UNREACHABLE_CODE = YES;
				CLANG_WARN__DUPLICATE_METHOD_MATCH = YES;
				COPY_PHASE_STRIP = NO;
				DEBUG_INFORMATION_FORMAT = "dwarf-with-dsym";
				ENABLE_NS_ASSERTIONS = NO;
				ENABLE_STRICT_OBJC_MSGSEND = YES;
				GCC_C_LANGUAGE_STANDARD = gnu11;
				GCC_NO_COMMON_BLOCKS = YES;
				GCC_WARN_64_TO_32_BIT_CONVERSION = YES;
				GCC_WARN_ABOUT_RETURN_TYPE = YES_ERROR;
				GCC_WARN_UNDECLARED_SELECTOR = YES;
				GCC_WARN_UNINITIALIZED_AUTOS = YES_AGGRESSIVE;
				GCC_WARN_UNUSED_FUNCTION = YES;
				GCC_WARN_UNUSED_VARIABLE = YES;
				IPHONEOS_DEPLOYMENT_TARGET = 13.0;
				MTL_ENABLE_DEBUG_INFO = NO;
				MTL_FAST_MATH = YES;
				SDKROOT = iphoneos;
				SWIFT_COMPILATION_MODE = wholemodule;
				SWIFT_OPTIMIZATION_LEVEL = "-O";
				VALIDATE_PRODUCT = YES;
			};
			name = Release;
		};
		7EC97DD02A2557E1008AC342 /* Debug */ = {
			isa = XCBuildConfiguration;
			buildSettings = {
				ASSETCATALOG_COMPILER_APPICON_NAME = AppIcon;
				ASSETCATALOG_COMPILER_GLOBAL_ACCENT_COLOR_NAME = AccentColor;
				CODE_SIGN_STYLE = Automatic;
				CURRENT_PROJECT_VERSION = 1;
				DEVELOPMENT_TEAM = NL7TARX6W5;
				GENERATE_INFOPLIST_FILE = YES;
				INFOPLIST_FILE = netflix_clone/resources/Info.plist;
				INFOPLIST_KEY_CFBundleDisplayName = Neflix;
				INFOPLIST_KEY_LSApplicationCategoryType = "public.app-category.video";
				INFOPLIST_KEY_UIApplicationSupportsIndirectInputEvents = YES;
				INFOPLIST_KEY_UILaunchStoryboardName = LaunchScreen;
				INFOPLIST_KEY_UIRequiresFullScreen = NO;
				INFOPLIST_KEY_UIStatusBarStyle = UIStatusBarStyleLightContent;
				INFOPLIST_KEY_UISupportedInterfaceOrientations = UIInterfaceOrientationPortrait;
				IPHONEOS_DEPLOYMENT_TARGET = 13.0;
				LD_RUNPATH_SEARCH_PATHS = (
					"$(inherited)",
					"@executable_path/Frameworks",
				);
				MARKETING_VERSION = 1.0;
				PRODUCT_BUNDLE_IDENTIFIER = "com.newkayak12.netflix-clone";
				PRODUCT_NAME = "$(TARGET_NAME)";
				SUPPORTED_PLATFORMS = "iphoneos iphonesimulator";
				SUPPORTS_MACCATALYST = NO;
				SUPPORTS_MAC_DESIGNED_FOR_IPHONE_IPAD = NO;
				SWIFT_EMIT_LOC_STRINGS = YES;
				SWIFT_VERSION = 5.0;
				TARGETED_DEVICE_FAMILY = 1;
			};
			name = Debug;
		};
		7EC97DD12A2557E1008AC342 /* Release */ = {
			isa = XCBuildConfiguration;
			buildSettings = {
				ASSETCATALOG_COMPILER_APPICON_NAME = AppIcon;
				ASSETCATALOG_COMPILER_GLOBAL_ACCENT_COLOR_NAME = AccentColor;
				CODE_SIGN_STYLE = Automatic;
				CURRENT_PROJECT_VERSION = 1;
				DEVELOPMENT_TEAM = NL7TARX6W5;
				GENERATE_INFOPLIST_FILE = YES;
				INFOPLIST_FILE = netflix_clone/resources/Info.plist;
				INFOPLIST_KEY_CFBundleDisplayName = Neflix;
				INFOPLIST_KEY_LSApplicationCategoryType = "public.app-category.video";
				INFOPLIST_KEY_UIApplicationSupportsIndirectInputEvents = YES;
				INFOPLIST_KEY_UILaunchStoryboardName = LaunchScreen;
				INFOPLIST_KEY_UIRequiresFullScreen = NO;
				INFOPLIST_KEY_UIStatusBarStyle = UIStatusBarStyleLightContent;
				INFOPLIST_KEY_UISupportedInterfaceOrientations = UIInterfaceOrientationPortrait;
				IPHONEOS_DEPLOYMENT_TARGET = 13.0;
				LD_RUNPATH_SEARCH_PATHS = (
					"$(inherited)",
					"@executable_path/Frameworks",
				);
				MARKETING_VERSION = 1.0;
				PRODUCT_BUNDLE_IDENTIFIER = "com.newkayak12.netflix-clone";
				PRODUCT_NAME = "$(TARGET_NAME)";
				SUPPORTED_PLATFORMS = "iphoneos iphonesimulator";
				SUPPORTS_MACCATALYST = NO;
				SUPPORTS_MAC_DESIGNED_FOR_IPHONE_IPAD = NO;
				SWIFT_EMIT_LOC_STRINGS = YES;
				SWIFT_VERSION = 5.0;
				TARGETED_DEVICE_FAMILY = 1;
			};
			name = Release;
		};
		7EC97DD32A2557E1008AC342 /* Debug */ = {
			isa = XCBuildConfiguration;
			buildSettings = {
				ALWAYS_EMBED_SWIFT_STANDARD_LIBRARIES = YES;
				BUNDLE_LOADER = "$(TEST_HOST)";
				CODE_SIGN_STYLE = Automatic;
				CURRENT_PROJECT_VERSION = 1;
				DEVELOPMENT_TEAM = NL7TARX6W5;
				GENERATE_INFOPLIST_FILE = YES;
				IPHONEOS_DEPLOYMENT_TARGET = 16.4;
				MARKETING_VERSION = 1.0;
				PRODUCT_BUNDLE_IDENTIFIER = "com.newkayak12.netflix-cloneTests";
				PRODUCT_NAME = "$(TARGET_NAME)";
				SWIFT_EMIT_LOC_STRINGS = NO;
				SWIFT_VERSION = 5.0;
				TARGETED_DEVICE_FAMILY = "1,2";
				TEST_HOST = "$(BUILT_PRODUCTS_DIR)/netflix_clone.app/$(BUNDLE_EXECUTABLE_FOLDER_PATH)/netflix_clone";
			};
			name = Debug;
		};
		7EC97DD42A2557E1008AC342 /* Release */ = {
			isa = XCBuildConfiguration;
			buildSettings = {
				ALWAYS_EMBED_SWIFT_STANDARD_LIBRARIES = YES;
				BUNDLE_LOADER = "$(TEST_HOST)";
				CODE_SIGN_STYLE = Automatic;
				CURRENT_PROJECT_VERSION = 1;
				DEVELOPMENT_TEAM = NL7TARX6W5;
				GENERATE_INFOPLIST_FILE = YES;
				IPHONEOS_DEPLOYMENT_TARGET = 16.4;
				MARKETING_VERSION = 1.0;
				PRODUCT_BUNDLE_IDENTIFIER = "com.newkayak12.netflix-cloneTests";
				PRODUCT_NAME = "$(TARGET_NAME)";
				SWIFT_EMIT_LOC_STRINGS = NO;
				SWIFT_VERSION = 5.0;
				TARGETED_DEVICE_FAMILY = "1,2";
				TEST_HOST = "$(BUILT_PRODUCTS_DIR)/netflix_clone.app/$(BUNDLE_EXECUTABLE_FOLDER_PATH)/netflix_clone";
			};
			name = Release;
		};
		7EC97DD62A2557E1008AC342 /* Debug */ = {
			isa = XCBuildConfiguration;
			buildSettings = {
				ALWAYS_EMBED_SWIFT_STANDARD_LIBRARIES = YES;
				CODE_SIGN_STYLE = Automatic;
				CURRENT_PROJECT_VERSION = 1;
				DEVELOPMENT_TEAM = NL7TARX6W5;
				GENERATE_INFOPLIST_FILE = YES;
				MARKETING_VERSION = 1.0;
				PRODUCT_BUNDLE_IDENTIFIER = "com.newkayak12.netflix-cloneUITests";
				PRODUCT_NAME = "$(TARGET_NAME)";
				SWIFT_EMIT_LOC_STRINGS = NO;
				SWIFT_VERSION = 5.0;
				TARGETED_DEVICE_FAMILY = "1,2";
				TEST_TARGET_NAME = netflix_clone;
			};
			name = Debug;
		};
		7EC97DD72A2557E1008AC342 /* Release */ = {
			isa = XCBuildConfiguration;
			buildSettings = {
				ALWAYS_EMBED_SWIFT_STANDARD_LIBRARIES = YES;
				CODE_SIGN_STYLE = Automatic;
				CURRENT_PROJECT_VERSION = 1;
				DEVELOPMENT_TEAM = NL7TARX6W5;
				GENERATE_INFOPLIST_FILE = YES;
				MARKETING_VERSION = 1.0;
				PRODUCT_BUNDLE_IDENTIFIER = "com.newkayak12.netflix-cloneUITests";
				PRODUCT_NAME = "$(TARGET_NAME)";
				SWIFT_EMIT_LOC_STRINGS = NO;
				SWIFT_VERSION = 5.0;
				TARGETED_DEVICE_FAMILY = "1,2";
				TEST_TARGET_NAME = netflix_clone;
			};
			name = Release;
		};
/* End XCBuildConfiguration section */

/* Begin XCConfigurationList section */
		7EC97DA02A2557E0008AC342 /* Build configuration list for PBXProject "netflix_clone" */ = {
			isa = XCConfigurationList;
			buildConfigurations = (
				7EC97DCD2A2557E1008AC342 /* Debug */,
				7EC97DCE2A2557E1008AC342 /* Release */,
			);
			defaultConfigurationIsVisible = 0;
			defaultConfigurationName = Debug;
		};
		7EC97DCF2A2557E1008AC342 /* Build configuration list for PBXNativeTarget "netflix_clone" */ = {
			isa = XCConfigurationList;
			buildConfigurations = (
				7EC97DD02A2557E1008AC342 /* Debug */,
				7EC97DD12A2557E1008AC342 /* Release */,
			);
			defaultConfigurationIsVisible = 0;
			defaultConfigurationName = Debug;
		};
		7EC97DD22A2557E1008AC342 /* Build configuration list for PBXNativeTarget "netflix_cloneTests" */ = {
			isa = XCConfigurationList;
			buildConfigurations = (
				7EC97DD32A2557E1008AC342 /* Debug */,
				7EC97DD42A2557E1008AC342 /* Release */,
			);
			defaultConfigurationIsVisible = 0;
			defaultConfigurationName = Debug;
		};
		7EC97DD52A2557E1008AC342 /* Build configuration list for PBXNativeTarget "netflix_cloneUITests" */ = {
			isa = XCConfigurationList;
			buildConfigurations = (
				7EC97DD62A2557E1008AC342 /* Debug */,
				7EC97DD72A2557E1008AC342 /* Release */,
			);
			defaultConfigurationIsVisible = 0;
			defaultConfigurationName = Debug;
		};
/* End XCConfigurationList section */

/* Begin XCRemoteSwiftPackageReference section */
		7E1D97AB2A59B6E400E91650 /* XCRemoteSwiftPackageReference "lottie-ios" */ = {
			isa = XCRemoteSwiftPackageReference;
			repositoryURL = "https://github.com/airbnb/lottie-ios";
			requirement = {
				kind = upToNextMajorVersion;
				minimumVersion = 4.0.0;
			};
		};
		7E3C27842A5ECDBD002E08A6 /* XCRemoteSwiftPackageReference "RxDataSources" */ = {
			isa = XCRemoteSwiftPackageReference;
			repositoryURL = "https://github.com/RxSwiftCommunity/RxDataSources";
			requirement = {
				kind = upToNextMajorVersion;
				minimumVersion = 5.0.0;
			};
		};
		7E5BD69B2A501FB300FB806C /* XCRemoteSwiftPackageReference "Alamofire" */ = {
			isa = XCRemoteSwiftPackageReference;
			repositoryURL = "https://github.com/Alamofire/Alamofire";
			requirement = {
				kind = upToNextMajorVersion;
				minimumVersion = 5.0.0;
			};
		};
		7E5BD69E2A501FCA00FB806C /* XCRemoteSwiftPackageReference "SnapKit" */ = {
			isa = XCRemoteSwiftPackageReference;
			repositoryURL = "https://github.com/SnapKit/SnapKit";
			requirement = {
				kind = upToNextMajorVersion;
				minimumVersion = 5.0.0;
			};
		};
		7E5BD6A12A501FDD00FB806C /* XCRemoteSwiftPackageReference "RxSwift" */ = {
			isa = XCRemoteSwiftPackageReference;
			repositoryURL = "https://github.com/ReactiveX/RxSwift";
			requirement = {
				kind = upToNextMajorVersion;
				minimumVersion = 6.0.0;
			};
		};
		7EC818D72A5951C200A28D43 /* XCRemoteSwiftPackageReference "NSObject-Rx" */ = {
			isa = XCRemoteSwiftPackageReference;
			repositoryURL = "https://github.com/RxSwiftCommunity/NSObject-Rx";
			requirement = {
				kind = upToNextMajorVersion;
				minimumVersion = 5.0.0;
			};
		};
/* End XCRemoteSwiftPackageReference section */

/* Begin XCSwiftPackageProductDependency section */
		7E1D97AC2A59B6E400E91650 /* Lottie */ = {
			isa = XCSwiftPackageProductDependency;
			package = 7E1D97AB2A59B6E400E91650 /* XCRemoteSwiftPackageReference "lottie-ios" */;
			productName = Lottie;
		};
		7E3C27852A5ECDBD002E08A6 /* RxDataSources */ = {
			isa = XCSwiftPackageProductDependency;
			package = 7E3C27842A5ECDBD002E08A6 /* XCRemoteSwiftPackageReference "RxDataSources" */;
			productName = RxDataSources;
		};
		7E5BD69C2A501FB300FB806C /* Alamofire */ = {
			isa = XCSwiftPackageProductDependency;
			package = 7E5BD69B2A501FB300FB806C /* XCRemoteSwiftPackageReference "Alamofire" */;
			productName = Alamofire;
		};
		7E5BD69F2A501FCA00FB806C /* SnapKit */ = {
			isa = XCSwiftPackageProductDependency;
			package = 7E5BD69E2A501FCA00FB806C /* XCRemoteSwiftPackageReference "SnapKit" */;
			productName = SnapKit;
		};
		7E5BD6A42A501FDD00FB806C /* RxCocoa */ = {
			isa = XCSwiftPackageProductDependency;
			package = 7E5BD6A12A501FDD00FB806C /* XCRemoteSwiftPackageReference "RxSwift" */;
			productName = RxCocoa;
		};
		7E5BD6A82A501FDD00FB806C /* RxSwift */ = {
			isa = XCSwiftPackageProductDependency;
			package = 7E5BD6A12A501FDD00FB806C /* XCRemoteSwiftPackageReference "RxSwift" */;
			productName = RxSwift;
		};
		7EC818D82A5951C200A28D43 /* NSObject-Rx */ = {
			isa = XCSwiftPackageProductDependency;
			package = 7EC818D72A5951C200A28D43 /* XCRemoteSwiftPackageReference "NSObject-Rx" */;
			productName = "NSObject-Rx";
		};
/* End XCSwiftPackageProductDependency section */
	};
	rootObject = 7EC97D9D2A2557E0008AC342 /* Project object */;
}
